
Microsoft Visual Studio Solution File, Format Version 12.00
# Visual Studio Version 16
VisualStudioVersion = 16.0.29021.104
MinimumVisualStudioVersion = 10.0.40219.1
Project("{FAE04EC0-301F-11D3-BF4B-00C04F79EFBC}") = "ExampleOfCSConfig", "ExampleOfCSConfig\ExampleOfCSConfig.csproj", "{B1F55828-D02B-4448-92C7-4E7238BABDF9}"
EndProject
Global
	GlobalSection(SolutionConfigurationPlatforms) = preSolution
		Debug|Any CPU = Debug|Any CPU
		Release|Any CPU = Release|Any CPU
	EndGlobalSection
	GlobalSection(ProjectConfigurationPlatforms) = postSolution
		{B1F55828-D02B-4448-92C7-4E7238BABDF9}.Debug|Any CPU.ActiveCfg = Debug|Any CPU
		{B1F55828-D02B-4448-92C7-4E7238BABDF9}.Debug|Any CPU.Build.0 = Debug|Any CPU
		{B1F55828-D02B-4448-92C7-4E7238BABDF9}.Release|Any CPU.ActiveCfg = Release|Any CPU
		{B1F55828-D02B-4448-92C7-4E7238BABDF9}.Release|Any CPU.Build.0 = Release|Any CPU
	EndGlobalSection
	GlobalSection(SolutionProperties) = preSolution
		HideSolutionNode = FALSE
	EndGlobalSection
	GlobalSection(ExtensibilityGlobals) = postSolution
		SolutionGuid = {2DFF64EF-8BA4-4F1F-BF2D-8DBDD44A0F86}
	EndGlobalSection
EndGlobal
